
Microsoft Visual Studio Solution File, Format Version 12.00
# Visual Studio 15
VisualStudioVersion = 15.0.27703.2042
MinimumVisualStudioVersion = 10.0.40219.1
Project("{8BC9CEB8-8B4A-11D0-8D11-00A0C91BC942}") = "EmptyOpenCLProject3", "EmptyOpenCLProject3\EmptyOpenCLProject3.vcxproj", "{A1620A9D-77E6-495F-9865-E4DEB712CAB0}"
EndProject
Project("{8BC9CEB8-8B4A-11D0-8D11-00A0C91BC942}") = "PathTracing_Gyoo", "PathTracing_Gyoo\PathTracing_Gyoo.vcxproj", "{1AF8729C-C744-482F-831D-8DD266D9B7C8}"
EndProject
Global
	GlobalSection(SolutionConfigurationPlatforms) = preSolution
		Debug|x64 = Debug|x64
		Debug|x86 = Debug|x86
		Release|x64 = Release|x64
		Release|x86 = Release|x86
	EndGlobalSection
	GlobalSection(ProjectConfigurationPlatforms) = postSolution
		{A1620A9D-77E6-495F-9865-E4DEB712CAB0}.Debug|x64.ActiveCfg = Debug|x64
		{A1620A9D-77E6-495F-9865-E4DEB712CAB0}.Debug|x64.Build.0 = Debug|x64
		{A1620A9D-77E6-495F-9865-E4DEB712CAB0}.Debug|x86.ActiveCfg = Debug|Win32
		{A1620A9D-77E6-495F-9865-E4DEB712CAB0}.Debug|x86.Build.0 = Debug|Win32
		{A1620A9D-77E6-495F-9865-E4DEB712CAB0}.Release|x64.ActiveCfg = Release|x64
		{A1620A9D-77E6-495F-9865-E4DEB712CAB0}.Release|x64.Build.0 = Release|x64
		{A1620A9D-77E6-495F-9865-E4DEB712CAB0}.Release|x86.ActiveCfg = Release|Win32
		{A1620A9D-77E6-495F-9865-E4DEB712CAB0}.Release|x86.Build.0 = Release|Win32
		{1AF8729C-C744-482F-831D-8DD266D9B7C8}.Debug|x64.ActiveCfg = Debug|x64
		{1AF8729C-C744-482F-831D-8DD266D9B7C8}.Debug|x64.Build.0 = Debug|x64
		{1AF8729C-C744-482F-831D-8DD266D9B7C8}.Debug|x86.ActiveCfg = Debug|Win32
		{1AF8729C-C744-482F-831D-8DD266D9B7C8}.Debug|x86.Build.0 = Debug|Win32
		{1AF8729C-C744-482F-831D-8DD266D9B7C8}.Release|x64.ActiveCfg = Release|x64
		{1AF8729C-C744-482F-831D-8DD266D9B7C8}.Release|x64.Build.0 = Release|x64
		{1AF8729C-C744-482F-831D-8DD266D9B7C8}.Release|x86.ActiveCfg = Release|Win32
		{1AF8729C-C744-482F-831D-8DD266D9B7C8}.Release|x86.Build.0 = Release|Win32
	EndGlobalSection
	GlobalSection(SolutionProperties) = preSolution
		HideSolutionNode = FALSE
	EndGlobalSection
	GlobalSection(ExtensibilityGlobals) = postSolution
		SolutionGuid = {37014321-8489-48F1-964C-4FB43F58AC5B}
	EndGlobalSection
EndGlobal
